[[package]]
category = "main"
description = "This library brings the updated configparser from Python 3.5 to Python 2.6-3.5."
name = "configparser2"
optional = false
python-versions = "*"
version = "4.0.0"

[[package]]
category = "main"
description = "Generic matrix generator."
name = "matrix"
optional = false
python-versions = "*"
version = "2.0.1"

[package.dependencies]
configparser2 = ">=4.0.0"

[package.extras]
cli = ["jinja2"]

[metadata]
content-hash = "4fe407ca6e1a9d424a8ae0c37059fc9a2fb2ceb1fc5dfa408737cd0c58d59d24"
python-versions = "^3.8"

[metadata.files]
configparser2 = [
    {file = "configparser2-4.0.0.tar.gz", hash = "sha256:d22444d117d1889e7c0f040c6c1d02f56bc58a5c2040c5c056cad828f212b16f"},
]
matrix = [
    {file = "matrix-2.0.1-py2.py3-none-any.whl", hash = "sha256:0b7b0c8d1253a07ade130236a278320f9989f90a8cc3d2eb32d06e83b21caec9"},
    {file = "matrix-2.0.1.tar.gz", hash = "sha256:b692900d4501023f57203266d422981800a5f6c6be0933d7fc1e9d7aeea4136e"},
]
